<?xml version="1.0" encoding="utf-8"?>
<Project ToolsVersion="4.0" xmlns="http://schemas.microsoft.com/developer/msbuild/2003">
  <ItemGroup>
    <Filter Include="头文件">
      <UniqueIdentifier>{b5dc2dd7-f334-4055-ae81-43f1c1bc2241}</UniqueIdentifier>
    </Filter>
    <Filter Include="源文件">
      <UniqueIdentifier>{596334a0-c163-4f2f-b75f-10bc181fe86a}</UniqueIdentifier>
    </Filter>
    <Filter Include="资源文件">
      <UniqueIdentifier>{e2bb7afb-722d-41a2-9a05-936304f23b9c}</UniqueIdentifier>
    </Filter>
  </ItemGroup>
  <ItemGroup>
    <ClCompile Include="dispatch.cpp">
      <Filter>源文件</Filter>
    </ClCompile>
  </ItemGroup>
</Project>